%{
  "croma": {:hex, :croma, "0.11.0", "4b40cbde7e615acc6f1379bfcdbeefd7506fb74674788496e46b67373c168d31", [:mix], [], "hexpm", "f6367524dc6dc39d103f79bd1638e58c16dfd6225f7e5d356f99ab561e0656cf"},
  "delta_crdt": {:hex, :delta_crdt, "0.5.10", "e866f8d1b89bee497a98b9793e9ba0ea514112a1c41a0c30dcde3463d4984d14", [:mix], [{:merkle_map, "~> 0.2.0", [hex: :merkle_map, repo: "hexpm", optional: false]}, {:telemetry, "~> 0.4.0", [hex: :telemetry, repo: "hexpm", optional: false]}], "hexpm", "ed5c685df9528788d7c056762c23f75358f3cadd4779698188a55ccae24d087a"},
  "horde": {:hex, :horde, "0.8.3", "82c5276109edf5e76c802aa51b5196a1624d57cfb92b64e4bcab1e95f9aab45f", [:mix], [{:delta_crdt, "~> 0.5.10", [hex: :delta_crdt, repo: "hexpm", optional: false]}, {:libring, "~> 1.4", [hex: :libring, repo: "hexpm", optional: false]}, {:telemetry, "~> 0.4.0", [hex: :telemetry, repo: "hexpm", optional: false]}, {:telemetry_poller, "~> 0.5.0", [hex: :telemetry_poller, repo: "hexpm", optional: false]}], "hexpm", "cd9d3079711bc18dceb0bc3b207868df800fed59e29dea05aa3c1874496cc1d2"},
  "jason": {:hex, :jason, "1.2.2", "ba43e3f2709fd1aa1dce90aaabfd039d000469c05c56f0b8e31978e03fa39052", [:mix], [{:decimal, "~> 1.0 or ~> 2.0", [hex: :decimal, repo: "hexpm", optional: true]}], "hexpm", "18a228f5f0058ee183f29f9eae0805c6e59d61c3b006760668d8d18ff0d12179"},
  "libcluster": {:hex, :libcluster, "3.2.1", "b2cd5b447cde25d5897749bee6f7aaeb6c96ac379481024e9b6ba495dabeb97d", [:mix], [{:jason, "~> 1.1", [hex: :jason, repo: "hexpm", optional: false]}], "hexpm", "89f225612d135edce9def56f43bf18d575d88ac4680e3f6161283f2e55cadca4"},
  "libring": {:hex, :libring, "1.5.0", "44313eb6862f5c9168594a061e9d5f556a9819da7c6444706a9e2da533396d70", [:mix], [], "hexpm", "04e843d4fdcff49a62d8e03778d17c6cb2a03fe2d14020d3825a1761b55bd6cc"},
  "merkle_map": {:hex, :merkle_map, "0.2.1", "01a88c87a6b9fb594c67c17ebaf047ee55ffa34e74297aa583ed87148006c4c8", [:mix], [], "hexpm", "fed4d143a5c8166eee4fa2b49564f3c4eace9cb252f0a82c1613bba905b2d04d"},
  "raft_fleet": {:hex, :raft_fleet, "0.10.1", "3f0f74138c62ca9052af4a1dd18aa0bd298b83642d631b94eced6e39319b010b", [:mix], [{:croma, "~> 0.10", [hex: :croma, repo: "hexpm", optional: false]}, {:rafted_value, "~> 0.9", [hex: :rafted_value, repo: "hexpm", optional: false]}], "hexpm", "c3a336cae4d64ad012181e40012c1774de2f0facca928ded9d3468fe64a0e4c9"},
  "rafted_value": {:hex, :rafted_value, "0.11.1", "8f220e12a6191ea13a40a4e89ad98bc58dce17f0ed59dba47945b8c4aba0d032", [:mix], [{:croma, "~> 0.9", [hex: :croma, repo: "hexpm", optional: false]}], "hexpm", "22ba5d412217a3e1299c9924f5099f0ab2778e5195702e2328b3f89299153176"},
  "telemetry": {:hex, :telemetry, "0.4.2", "2808c992455e08d6177322f14d3bdb6b625fbcfd233a73505870d8738a2f4599", [:rebar3], [], "hexpm", "2d1419bd9dda6a206d7b5852179511722e2b18812310d304620c7bd92a13fcef"},
  "telemetry_poller": {:hex, :telemetry_poller, "0.5.1", "21071cc2e536810bac5628b935521ff3e28f0303e770951158c73eaaa01e962a", [:rebar3], [{:telemetry, "~> 0.4", [hex: :telemetry, repo: "hexpm", optional: false]}], "hexpm", "4cab72069210bc6e7a080cec9afffad1b33370149ed5d379b81c7c5f0c663fd4"},
}
